
Microsoft Visual Studio Solution File, Format Version 12.00
# Visual Studio Version 17
VisualStudioVersion = 17.3.32819.101
MinimumVisualStudioVersion = 10.0.40219.1
Project("{FAE04EC0-301F-11D3-BF4B-00C04F79EFBC}") = "ExercicioURI1011", "ExercicioURI1011\ExercicioURI1011.csproj", "{5879BFB3-8F5B-4F32-893B-242693E6681E}"
EndProject
Global
	GlobalSection(SolutionConfigurationPlatforms) = preSolution
		Debug|Any CPU = Debug|Any CPU
		Release|Any CPU = Release|Any CPU
	EndGlobalSection
	GlobalSection(ProjectConfigurationPlatforms) = postSolution
		{5879BFB3-8F5B-4F32-893B-242693E6681E}.Debug|Any CPU.ActiveCfg = Debug|Any CPU
		{5879BFB3-8F5B-4F32-893B-242693E6681E}.Debug|Any CPU.Build.0 = Debug|Any CPU
		{5879BFB3-8F5B-4F32-893B-242693E6681E}.Release|Any CPU.ActiveCfg = Release|Any CPU
		{5879BFB3-8F5B-4F32-893B-242693E6681E}.Release|Any CPU.Build.0 = Release|Any CPU
	EndGlobalSection
	GlobalSection(SolutionProperties) = preSolution
		HideSolutionNode = FALSE
	EndGlobalSection
	GlobalSection(ExtensibilityGlobals) = postSolution
		SolutionGuid = {53589A4B-0FB8-4D3A-AD59-7C2FF2519C65}
	EndGlobalSection
EndGlobal
