
Microsoft Visual Studio Solution File, Format Version 12.00
# Visual Studio Version 17
VisualStudioVersion = 17.3.32819.101
MinimumVisualStudioVersion = 10.0.40219.1
Project("{FAE04EC0-301F-11D3-BF4B-00C04F79EFBC}") = "ExercicioURI1012", "ExercicioURI1012\ExercicioURI1012.csproj", "{5F1C5C5E-8491-49E0-9AC4-B6DF0D047F3F}"
EndProject
Global
	GlobalSection(SolutionConfigurationPlatforms) = preSolution
		Debug|Any CPU = Debug|Any CPU
		Release|Any CPU = Release|Any CPU
	EndGlobalSection
	GlobalSection(ProjectConfigurationPlatforms) = postSolution
		{5F1C5C5E-8491-49E0-9AC4-B6DF0D047F3F}.Debug|Any CPU.ActiveCfg = Debug|Any CPU
		{5F1C5C5E-8491-49E0-9AC4-B6DF0D047F3F}.Debug|Any CPU.Build.0 = Debug|Any CPU
		{5F1C5C5E-8491-49E0-9AC4-B6DF0D047F3F}.Release|Any CPU.ActiveCfg = Release|Any CPU
		{5F1C5C5E-8491-49E0-9AC4-B6DF0D047F3F}.Release|Any CPU.Build.0 = Release|Any CPU
	EndGlobalSection
	GlobalSection(SolutionProperties) = preSolution
		HideSolutionNode = FALSE
	EndGlobalSection
	GlobalSection(ExtensibilityGlobals) = postSolution
		SolutionGuid = {2FD17138-8148-4871-81CC-DFC52A7F9F7E}
	EndGlobalSection
EndGlobal
