
Microsoft Visual Studio Solution File, Format Version 12.00
# Visual Studio Version 17
VisualStudioVersion = 17.3.32819.101
MinimumVisualStudioVersion = 10.0.40219.1
Project("{FAE04EC0-301F-11D3-BF4B-00C04F79EFBC}") = "ExercicioURI1044", "ExercicioURI1044\ExercicioURI1044.csproj", "{324EFC15-81F0-4B99-9CCF-0DCA1F727F5B}"
EndProject
Global
	GlobalSection(SolutionConfigurationPlatforms) = preSolution
		Debug|Any CPU = Debug|Any CPU
		Release|Any CPU = Release|Any CPU
	EndGlobalSection
	GlobalSection(ProjectConfigurationPlatforms) = postSolution
		{324EFC15-81F0-4B99-9CCF-0DCA1F727F5B}.Debug|Any CPU.ActiveCfg = Debug|Any CPU
		{324EFC15-81F0-4B99-9CCF-0DCA1F727F5B}.Debug|Any CPU.Build.0 = Debug|Any CPU
		{324EFC15-81F0-4B99-9CCF-0DCA1F727F5B}.Release|Any CPU.ActiveCfg = Release|Any CPU
		{324EFC15-81F0-4B99-9CCF-0DCA1F727F5B}.Release|Any CPU.Build.0 = Release|Any CPU
	EndGlobalSection
	GlobalSection(SolutionProperties) = preSolution
		HideSolutionNode = FALSE
	EndGlobalSection
	GlobalSection(ExtensibilityGlobals) = postSolution
		SolutionGuid = {147FD20E-EB4C-496C-AA1F-AC9F3A222BD0}
	EndGlobalSection
EndGlobal
