
Microsoft Visual Studio Solution File, Format Version 12.00
# Visual Studio Version 17
VisualStudioVersion = 17.3.32819.101
MinimumVisualStudioVersion = 10.0.40219.1
Project("{FAE04EC0-301F-11D3-BF4B-00C04F79EFBC}") = "ExercicioURI1046", "ExercicioURI1046\ExercicioURI1046.csproj", "{886B1245-9041-4A13-857D-97CC31781EC3}"
EndProject
Global
	GlobalSection(SolutionConfigurationPlatforms) = preSolution
		Debug|Any CPU = Debug|Any CPU
		Release|Any CPU = Release|Any CPU
	EndGlobalSection
	GlobalSection(ProjectConfigurationPlatforms) = postSolution
		{886B1245-9041-4A13-857D-97CC31781EC3}.Debug|Any CPU.ActiveCfg = Debug|Any CPU
		{886B1245-9041-4A13-857D-97CC31781EC3}.Debug|Any CPU.Build.0 = Debug|Any CPU
		{886B1245-9041-4A13-857D-97CC31781EC3}.Release|Any CPU.ActiveCfg = Release|Any CPU
		{886B1245-9041-4A13-857D-97CC31781EC3}.Release|Any CPU.Build.0 = Release|Any CPU
	EndGlobalSection
	GlobalSection(SolutionProperties) = preSolution
		HideSolutionNode = FALSE
	EndGlobalSection
	GlobalSection(ExtensibilityGlobals) = postSolution
		SolutionGuid = {E15DCB6D-1CE5-4AF2-9518-5F9565E23CB7}
	EndGlobalSection
EndGlobal
