
Microsoft Visual Studio Solution File, Format Version 12.00
# Visual Studio Version 17
VisualStudioVersion = 17.3.32819.101
MinimumVisualStudioVersion = 10.0.40219.1
Project("{FAE04EC0-301F-11D3-BF4B-00C04F79EFBC}") = "ExercicioURI1067", "ExercicioURI1067\ExercicioURI1067.csproj", "{70ED73C2-6199-40D4-AEF0-D7472CCEB04C}"
EndProject
Global
	GlobalSection(SolutionConfigurationPlatforms) = preSolution
		Debug|Any CPU = Debug|Any CPU
		Release|Any CPU = Release|Any CPU
	EndGlobalSection
	GlobalSection(ProjectConfigurationPlatforms) = postSolution
		{70ED73C2-6199-40D4-AEF0-D7472CCEB04C}.Debug|Any CPU.ActiveCfg = Debug|Any CPU
		{70ED73C2-6199-40D4-AEF0-D7472CCEB04C}.Debug|Any CPU.Build.0 = Debug|Any CPU
		{70ED73C2-6199-40D4-AEF0-D7472CCEB04C}.Release|Any CPU.ActiveCfg = Release|Any CPU
		{70ED73C2-6199-40D4-AEF0-D7472CCEB04C}.Release|Any CPU.Build.0 = Release|Any CPU
	EndGlobalSection
	GlobalSection(SolutionProperties) = preSolution
		HideSolutionNode = FALSE
	EndGlobalSection
	GlobalSection(ExtensibilityGlobals) = postSolution
		SolutionGuid = {14EAB229-DB2E-4394-9A9A-B55388E89F62}
	EndGlobalSection
EndGlobal
