
Microsoft Visual Studio Solution File, Format Version 12.00
# Visual Studio Version 17
VisualStudioVersion = 17.5.33530.505
MinimumVisualStudioVersion = 10.0.40219.1
Project("{FAE04EC0-301F-11D3-BF4B-00C04F79EFBC}") = "ExercicioResolvido02", "ExercicioResolvido02\ExercicioResolvido02.csproj", "{F097FC29-95F0-459B-9214-F0D826EE0952}"
EndProject
Global
	GlobalSection(SolutionConfigurationPlatforms) = preSolution
		Debug|Any CPU = Debug|Any CPU
		Release|Any CPU = Release|Any CPU
	EndGlobalSection
	GlobalSection(ProjectConfigurationPlatforms) = postSolution
		{F097FC29-95F0-459B-9214-F0D826EE0952}.Debug|Any CPU.ActiveCfg = Debug|Any CPU
		{F097FC29-95F0-459B-9214-F0D826EE0952}.Debug|Any CPU.Build.0 = Debug|Any CPU
		{F097FC29-95F0-459B-9214-F0D826EE0952}.Release|Any CPU.ActiveCfg = Release|Any CPU
		{F097FC29-95F0-459B-9214-F0D826EE0952}.Release|Any CPU.Build.0 = Release|Any CPU
	EndGlobalSection
	GlobalSection(SolutionProperties) = preSolution
		HideSolutionNode = FALSE
	EndGlobalSection
	GlobalSection(ExtensibilityGlobals) = postSolution
		SolutionGuid = {2F15476E-AA74-4B53-BCB6-F660F304F048}
	EndGlobalSection
EndGlobal
