
Microsoft Visual Studio Solution File, Format Version 12.00
# Visual Studio Version 17
VisualStudioVersion = 17.3.32819.101
MinimumVisualStudioVersion = 10.0.40219.1
Project("{FAE04EC0-301F-11D3-BF4B-00C04F79EFBC}") = "AulaExtruturaCondicional", "AulaExtruturaCondicional\AulaExtruturaCondicional.csproj", "{8D00A8AA-559C-4E5E-A025-3BD21F66822A}"
EndProject
Global
	GlobalSection(SolutionConfigurationPlatforms) = preSolution
		Debug|Any CPU = Debug|Any CPU
		Release|Any CPU = Release|Any CPU
	EndGlobalSection
	GlobalSection(ProjectConfigurationPlatforms) = postSolution
		{8D00A8AA-559C-4E5E-A025-3BD21F66822A}.Debug|Any CPU.ActiveCfg = Debug|Any CPU
		{8D00A8AA-559C-4E5E-A025-3BD21F66822A}.Debug|Any CPU.Build.0 = Debug|Any CPU
		{8D00A8AA-559C-4E5E-A025-3BD21F66822A}.Release|Any CPU.ActiveCfg = Release|Any CPU
		{8D00A8AA-559C-4E5E-A025-3BD21F66822A}.Release|Any CPU.Build.0 = Release|Any CPU
	EndGlobalSection
	GlobalSection(SolutionProperties) = preSolution
		HideSolutionNode = FALSE
	EndGlobalSection
	GlobalSection(ExtensibilityGlobals) = postSolution
		SolutionGuid = {9D5A2BDC-FDD0-4C2E-82C8-C23BB2E44A2C}
	EndGlobalSection
EndGlobal
