
Microsoft Visual Studio Solution File, Format Version 12.00
# Visual Studio Version 17
VisualStudioVersion = 17.3.32819.101
MinimumVisualStudioVersion = 10.0.40219.1
Project("{FAE04EC0-301F-11D3-BF4B-00C04F79EFBC}") = "ExercicioURI1036", "ExercicioURI1036\ExercicioURI1036.csproj", "{B5F241D1-F4EB-4505-8BBE-E611551825FF}"
EndProject
Global
	GlobalSection(SolutionConfigurationPlatforms) = preSolution
		Debug|Any CPU = Debug|Any CPU
		Release|Any CPU = Release|Any CPU
	EndGlobalSection
	GlobalSection(ProjectConfigurationPlatforms) = postSolution
		{B5F241D1-F4EB-4505-8BBE-E611551825FF}.Debug|Any CPU.ActiveCfg = Debug|Any CPU
		{B5F241D1-F4EB-4505-8BBE-E611551825FF}.Debug|Any CPU.Build.0 = Debug|Any CPU
		{B5F241D1-F4EB-4505-8BBE-E611551825FF}.Release|Any CPU.ActiveCfg = Release|Any CPU
		{B5F241D1-F4EB-4505-8BBE-E611551825FF}.Release|Any CPU.Build.0 = Release|Any CPU
	EndGlobalSection
	GlobalSection(SolutionProperties) = preSolution
		HideSolutionNode = FALSE
	EndGlobalSection
	GlobalSection(ExtensibilityGlobals) = postSolution
		SolutionGuid = {EA5CD011-FB3F-4C5F-91C8-73060BB9B8A3}
	EndGlobalSection
EndGlobal
