
Microsoft Visual Studio Solution File, Format Version 12.00
# Visual Studio Version 17
VisualStudioVersion = 17.5.33530.505
MinimumVisualStudioVersion = 10.0.40219.1
Project("{FAE04EC0-301F-11D3-BF4B-00C04F79EFBC}") = "ExercicioResolvido03", "ExercicioResolvido03\ExercicioResolvido03.csproj", "{3D07B3C4-84D7-489A-B1ED-BFB50F03AEC1}"
EndProject
Global
	GlobalSection(SolutionConfigurationPlatforms) = preSolution
		Debug|Any CPU = Debug|Any CPU
		Release|Any CPU = Release|Any CPU
	EndGlobalSection
	GlobalSection(ProjectConfigurationPlatforms) = postSolution
		{3D07B3C4-84D7-489A-B1ED-BFB50F03AEC1}.Debug|Any CPU.ActiveCfg = Debug|Any CPU
		{3D07B3C4-84D7-489A-B1ED-BFB50F03AEC1}.Debug|Any CPU.Build.0 = Debug|Any CPU
		{3D07B3C4-84D7-489A-B1ED-BFB50F03AEC1}.Release|Any CPU.ActiveCfg = Release|Any CPU
		{3D07B3C4-84D7-489A-B1ED-BFB50F03AEC1}.Release|Any CPU.Build.0 = Release|Any CPU
	EndGlobalSection
	GlobalSection(SolutionProperties) = preSolution
		HideSolutionNode = FALSE
	EndGlobalSection
	GlobalSection(ExtensibilityGlobals) = postSolution
		SolutionGuid = {7360B370-16DA-4BCA-9738-643A0FC98569}
	EndGlobalSection
EndGlobal
