
Microsoft Visual Studio Solution File, Format Version 12.00
# Visual Studio Version 17
VisualStudioVersion = 17.3.32819.101
MinimumVisualStudioVersion = 10.0.40219.1
Project("{FAE04EC0-301F-11D3-BF4B-00C04F79EFBC}") = "ExercicioProposto01", "ExercicioProposto01\ExercicioProposto01.csproj", "{C728AA27-38A0-441B-ADDC-A65FAB7E48D2}"
EndProject
Global
	GlobalSection(SolutionConfigurationPlatforms) = preSolution
		Debug|Any CPU = Debug|Any CPU
		Release|Any CPU = Release|Any CPU
	EndGlobalSection
	GlobalSection(ProjectConfigurationPlatforms) = postSolution
		{C728AA27-38A0-441B-ADDC-A65FAB7E48D2}.Debug|Any CPU.ActiveCfg = Debug|Any CPU
		{C728AA27-38A0-441B-ADDC-A65FAB7E48D2}.Debug|Any CPU.Build.0 = Debug|Any CPU
		{C728AA27-38A0-441B-ADDC-A65FAB7E48D2}.Release|Any CPU.ActiveCfg = Release|Any CPU
		{C728AA27-38A0-441B-ADDC-A65FAB7E48D2}.Release|Any CPU.Build.0 = Release|Any CPU
	EndGlobalSection
	GlobalSection(SolutionProperties) = preSolution
		HideSolutionNode = FALSE
	EndGlobalSection
	GlobalSection(ExtensibilityGlobals) = postSolution
		SolutionGuid = {083ABF07-1213-424F-A936-1D089F36DC25}
	EndGlobalSection
EndGlobal
