
Microsoft Visual Studio Solution File, Format Version 12.00
# Visual Studio Version 17
VisualStudioVersion = 17.3.32819.101
MinimumVisualStudioVersion = 10.0.40219.1
Project("{FAE04EC0-301F-11D3-BF4B-00C04F79EFBC}") = "ExercicioURI1020", "ExercicioURI1020\ExercicioURI1020.csproj", "{EF9E27EB-D01B-4351-900B-764128DBFE3B}"
EndProject
Global
	GlobalSection(SolutionConfigurationPlatforms) = preSolution
		Debug|Any CPU = Debug|Any CPU
		Release|Any CPU = Release|Any CPU
	EndGlobalSection
	GlobalSection(ProjectConfigurationPlatforms) = postSolution
		{EF9E27EB-D01B-4351-900B-764128DBFE3B}.Debug|Any CPU.ActiveCfg = Debug|Any CPU
		{EF9E27EB-D01B-4351-900B-764128DBFE3B}.Debug|Any CPU.Build.0 = Debug|Any CPU
		{EF9E27EB-D01B-4351-900B-764128DBFE3B}.Release|Any CPU.ActiveCfg = Release|Any CPU
		{EF9E27EB-D01B-4351-900B-764128DBFE3B}.Release|Any CPU.Build.0 = Release|Any CPU
	EndGlobalSection
	GlobalSection(SolutionProperties) = preSolution
		HideSolutionNode = FALSE
	EndGlobalSection
	GlobalSection(ExtensibilityGlobals) = postSolution
		SolutionGuid = {EB202BE1-5A13-4F5D-BA9E-32748FB3C439}
	EndGlobalSection
EndGlobal
