
Microsoft Visual Studio Solution File, Format Version 12.00
# Visual Studio Version 17
VisualStudioVersion = 17.5.33530.505
MinimumVisualStudioVersion = 10.0.40219.1
Project("{FAE04EC0-301F-11D3-BF4B-00C04F79EFBC}") = "ExercicioURI1049", "ExercicioURI1049\ExercicioURI1049.csproj", "{E844DBC8-E400-496A-85F0-4D55138BA92E}"
EndProject
Global
	GlobalSection(SolutionConfigurationPlatforms) = preSolution
		Debug|Any CPU = Debug|Any CPU
		Release|Any CPU = Release|Any CPU
	EndGlobalSection
	GlobalSection(ProjectConfigurationPlatforms) = postSolution
		{E844DBC8-E400-496A-85F0-4D55138BA92E}.Debug|Any CPU.ActiveCfg = Debug|Any CPU
		{E844DBC8-E400-496A-85F0-4D55138BA92E}.Debug|Any CPU.Build.0 = Debug|Any CPU
		{E844DBC8-E400-496A-85F0-4D55138BA92E}.Release|Any CPU.ActiveCfg = Release|Any CPU
		{E844DBC8-E400-496A-85F0-4D55138BA92E}.Release|Any CPU.Build.0 = Release|Any CPU
	EndGlobalSection
	GlobalSection(SolutionProperties) = preSolution
		HideSolutionNode = FALSE
	EndGlobalSection
	GlobalSection(ExtensibilityGlobals) = postSolution
		SolutionGuid = {C7BE670D-865E-4E52-9422-DC8135894161}
	EndGlobalSection
EndGlobal
