
Microsoft Visual Studio Solution File, Format Version 12.00
# Visual Studio Version 17
VisualStudioVersion = 17.3.32819.101
MinimumVisualStudioVersion = 10.0.40219.1
Project("{FAE04EC0-301F-11D3-BF4B-00C04F79EFBC}") = "ExercicioResolvido07", "ExercicioResolvido07\ExercicioResolvido07.csproj", "{CC3CEAAF-E7A5-4B2A-9B08-D8D118BEBB04}"
EndProject
Global
	GlobalSection(SolutionConfigurationPlatforms) = preSolution
		Debug|Any CPU = Debug|Any CPU
		Release|Any CPU = Release|Any CPU
	EndGlobalSection
	GlobalSection(ProjectConfigurationPlatforms) = postSolution
		{CC3CEAAF-E7A5-4B2A-9B08-D8D118BEBB04}.Debug|Any CPU.ActiveCfg = Debug|Any CPU
		{CC3CEAAF-E7A5-4B2A-9B08-D8D118BEBB04}.Debug|Any CPU.Build.0 = Debug|Any CPU
		{CC3CEAAF-E7A5-4B2A-9B08-D8D118BEBB04}.Release|Any CPU.ActiveCfg = Release|Any CPU
		{CC3CEAAF-E7A5-4B2A-9B08-D8D118BEBB04}.Release|Any CPU.Build.0 = Release|Any CPU
	EndGlobalSection
	GlobalSection(SolutionProperties) = preSolution
		HideSolutionNode = FALSE
	EndGlobalSection
	GlobalSection(ExtensibilityGlobals) = postSolution
		SolutionGuid = {C59F4F0E-00D9-4773-8B2F-36EA157E59CA}
	EndGlobalSection
EndGlobal
