
Microsoft Visual Studio Solution File, Format Version 12.00
# Visual Studio Version 17
VisualStudioVersion = 17.5.33530.505
MinimumVisualStudioVersion = 10.0.40219.1
Project("{FAE04EC0-301F-11D3-BF4B-00C04F79EFBC}") = "ExercicioURI1006", "ExercicioURI1006\ExercicioURI1006.csproj", "{D0D55A02-EDA0-4B90-ACD2-AEAB8C2C3A30}"
EndProject
Global
	GlobalSection(SolutionConfigurationPlatforms) = preSolution
		Debug|Any CPU = Debug|Any CPU
		Release|Any CPU = Release|Any CPU
	EndGlobalSection
	GlobalSection(ProjectConfigurationPlatforms) = postSolution
		{D0D55A02-EDA0-4B90-ACD2-AEAB8C2C3A30}.Debug|Any CPU.ActiveCfg = Debug|Any CPU
		{D0D55A02-EDA0-4B90-ACD2-AEAB8C2C3A30}.Debug|Any CPU.Build.0 = Debug|Any CPU
		{D0D55A02-EDA0-4B90-ACD2-AEAB8C2C3A30}.Release|Any CPU.ActiveCfg = Release|Any CPU
		{D0D55A02-EDA0-4B90-ACD2-AEAB8C2C3A30}.Release|Any CPU.Build.0 = Release|Any CPU
	EndGlobalSection
	GlobalSection(SolutionProperties) = preSolution
		HideSolutionNode = FALSE
	EndGlobalSection
	GlobalSection(ExtensibilityGlobals) = postSolution
		SolutionGuid = {CB843BA5-E243-42F8-BD77-38680DCCD6C1}
	EndGlobalSection
EndGlobal
