
Microsoft Visual Studio Solution File, Format Version 12.00
# Visual Studio Version 17
VisualStudioVersion = 17.3.32819.101
MinimumVisualStudioVersion = 10.0.40219.1
Project("{FAE04EC0-301F-11D3-BF4B-00C04F79EFBC}") = "ExercicioURI1001", "ExercicioURI1001\ExercicioURI1001.csproj", "{84B92478-F756-4314-83BF-7A673CD8EEAA}"
EndProject
Global
	GlobalSection(SolutionConfigurationPlatforms) = preSolution
		Debug|Any CPU = Debug|Any CPU
		Release|Any CPU = Release|Any CPU
	EndGlobalSection
	GlobalSection(ProjectConfigurationPlatforms) = postSolution
		{84B92478-F756-4314-83BF-7A673CD8EEAA}.Debug|Any CPU.ActiveCfg = Debug|Any CPU
		{84B92478-F756-4314-83BF-7A673CD8EEAA}.Debug|Any CPU.Build.0 = Debug|Any CPU
		{84B92478-F756-4314-83BF-7A673CD8EEAA}.Release|Any CPU.ActiveCfg = Release|Any CPU
		{84B92478-F756-4314-83BF-7A673CD8EEAA}.Release|Any CPU.Build.0 = Release|Any CPU
	EndGlobalSection
	GlobalSection(SolutionProperties) = preSolution
		HideSolutionNode = FALSE
	EndGlobalSection
	GlobalSection(ExtensibilityGlobals) = postSolution
		SolutionGuid = {74241972-8CB8-480C-94B2-5B1439B63969}
	EndGlobalSection
EndGlobal
